// !$*UTF8*$!
{
	archiveVersion = 1;
	classes = {
	};
	objectVersion = 56;
	objects = {

/* Begin PBXBuildFile section */
		C6CFDB41293F55ED0017014E /* AppDelegate.swift in Sources */ = {isa = PBXBuildFile; fileRef = C6CFDB40293F55ED0017014E /* AppDelegate.swift */; };
		C6CFDB43293F55ED0017014E /* SceneDelegate.swift in Sources */ = {isa = PBXBuildFile; fileRef = C6CFDB42293F55ED0017014E /* SceneDelegate.swift */; };
		C6CFDB45293F55ED0017014E /* ListPokemonViewController.swift in Sources */ = {isa = PBXBuildFile; fileRef = C6CFDB44293F55ED0017014E /* ListPokemonViewController.swift */; };
		C6CFDB48293F55ED0017014E /* Main.storyboard in Resources */ = {isa = PBXBuildFile; fileRef = C6CFDB46293F55ED0017014E /* Main.storyboard */; };
		C6CFDB4A293F55ED0017014E /* Assets.xcassets in Resources */ = {isa = PBXBuildFile; fileRef = C6CFDB49293F55ED0017014E /* Assets.xcassets */; };
		C6CFDB4D293F55ED0017014E /* LaunchScreen.storyboard in Resources */ = {isa = PBXBuildFile; fileRef = C6CFDB4B293F55ED0017014E /* LaunchScreen.storyboard */; };
		C6CFDB55293F584A0017014E /* PokemonManager.swift in Sources */ = {isa = PBXBuildFile; fileRef = C6CFDB54293F584A0017014E /* PokemonManager.swift */; };
		C6CFDB57293F58B80017014E /* DatosPokemon.swift in Sources */ = {isa = PBXBuildFile; fileRef = C6CFDB56293F58B80017014E /* DatosPokemon.swift */; };
		C6CFDB5A293FA3C10017014E /* CeldaPokemonTableViewCell.swift in Sources */ = {isa = PBXBuildFile; fileRef = C6CFDB58293FA3C10017014E /* CeldaPokemonTableViewCell.swift */; };
		C6CFDB5B293FA3C10017014E /* CeldaPokemonTableViewCell.xib in Resources */ = {isa = PBXBuildFile; fileRef = C6CFDB59293FA3C10017014E /* CeldaPokemonTableViewCell.xib */; };
		C6CFDB5D29408FF00017014E /* DetallePokemonViewController.swift in Sources */ = {isa = PBXBuildFile; fileRef = C6CFDB5C29408FF00017014E /* DetallePokemonViewController.swift */; };
/* End PBXBuildFile section */

/* Begin PBXFileReference section */
		C6CFDB3D293F55ED0017014E /* Pokedex.app */ = {isa = PBXFileReference; explicitFileType = wrapper.application; includeInIndex = 0; path = Pokedex.app; sourceTree = BUILT_PRODUCTS_DIR; };
		C6CFDB40293F55ED0017014E /* AppDelegate.swift */ = {isa = PBXFileReference; lastKnownFileType = sourcecode.swift; path = AppDelegate.swift; sourceTree = "<group>"; };
		C6CFDB42293F55ED0017014E /* SceneDelegate.swift */ = {isa = PBXFileReference; lastKnownFileType = sourcecode.swift; path = SceneDelegate.swift; sourceTree = "<group>"; };
		C6CFDB44293F55ED0017014E /* ListPokemonViewController.swift */ = {isa = PBXFileReference; lastKnownFileType = sourcecode.swift; path = ListPokemonViewController.swift; sourceTree = "<group>"; };
		C6CFDB47293F55ED0017014E /* Base */ = {isa = PBXFileReference; lastKnownFileType = file.storyboard; name = Base; path = Base.lproj/Main.storyboard; sourceTree = "<group>"; };
		C6CFDB49293F55ED0017014E /* Assets.xcassets */ = {isa = PBXFileReference; lastKnownFileType = folder.assetcatalog; path = Assets.xcassets; sourceTree = "<group>"; };
		C6CFDB4C293F55ED0017014E /* Base */ = {isa = PBXFileReference; lastKnownFileType = file.storyboard; name = Base; path = Base.lproj/LaunchScreen.storyboard; sourceTree = "<group>"; };
		C6CFDB4E293F55ED0017014E /* Info.plist */ = {isa = PBXFileReference; lastKnownFileType = text.plist.xml; path = Info.plist; sourceTree = "<group>"; };
		C6CFDB54293F584A0017014E /* PokemonManager.swift */ = {isa = PBXFileReference; lastKnownFileType = sourcecode.swift; path = PokemonManager.swift; sourceTree = "<group>"; };
		C6CFDB56293F58B80017014E /* DatosPokemon.swift */ = {isa = PBXFileReference; lastKnownFileType = sourcecode.swift; path = DatosPokemon.swift; sourceTree = "<group>"; };
		C6CFDB58293FA3C10017014E /* CeldaPokemonTableViewCell.swift */ = {isa = PBXFileReference; lastKnownFileType = sourcecode.swift; path = CeldaPokemonTableViewCell.swift; sourceTree = "<group>"; };
		C6CFDB59293FA3C10017014E /* CeldaPokemonTableViewCell.xib */ = {isa = PBXFileReference; lastKnownFileType = file.xib; path = CeldaPokemonTableViewCell.xib; sourceTree = "<group>"; };
		C6CFDB5C29408FF00017014E /* DetallePokemonViewController.swift */ = {isa = PBXFileReference; lastKnownFileType = sourcecode.swift; path = DetallePokemonViewController.swift; sourceTree = "<group>"; };
/* End PBXFileReference section */

/* Begin PBXFrameworksBuildPhase section */
		C6CFDB3A293F55ED0017014E /* Frameworks */ = {
			isa = PBXFrameworksBuildPhase;
			buildActionMask = 2147483647;
			files = (
			);
			runOnlyForDeploymentPostprocessing = 0;
		};
/* End PBXFrameworksBuildPhase section */

/* Begin PBXGroup section */
		C6CFDB34293F55EC0017014E = {
			isa = PBXGroup;
			children = (
				C6CFDB3F293F55ED0017014E /* Pokedex */,
				C6CFDB3E293F55ED0017014E /* Products */,
			);
			sourceTree = "<group>";
		};
		C6CFDB3E293F55ED0017014E /* Products */ = {
			isa = PBXGroup;
			children = (
				C6CFDB3D293F55ED0017014E /* Pokedex.app */,
			);
			name = Products;
			sourceTree = "<group>";
		};
		C6CFDB3F293F55ED0017014E /* Pokedex */ = {
			isa = PBXGroup;
			children = (
				C6CFDB40293F55ED0017014E /* AppDelegate.swift */,
				C6CFDB42293F55ED0017014E /* SceneDelegate.swift */,
				C6CFDB44293F55ED0017014E /* ListPokemonViewController.swift */,
				C6CFDB46293F55ED0017014E /* Main.storyboard */,
				C6CFDB49293F55ED0017014E /* Assets.xcassets */,
				C6CFDB4B293F55ED0017014E /* LaunchScreen.storyboard */,
				C6CFDB4E293F55ED0017014E /* Info.plist */,
				C6CFDB54293F584A0017014E /* PokemonManager.swift */,
				C6CFDB56293F58B80017014E /* DatosPokemon.swift */,
				C6CFDB58293FA3C10017014E /* CeldaPokemonTableViewCell.swift */,
				C6CFDB59293FA3C10017014E /* CeldaPokemonTableViewCell.xib */,
				C6CFDB5C29408FF00017014E /* DetallePokemonViewController.swift */,
			);
			path = Pokedex;
			sourceTree = "<group>";
		};
/* End PBXGroup section */

/* Begin PBXNativeTarget section */
		C6CFDB3C293F55ED0017014E /* Pokedex */ = {
			isa = PBXNativeTarget;
			buildConfigurationList = C6CFDB51293F55ED0017014E /* Build configuration list for PBXNativeTarget "Pokedex" */;
			buildPhases = (
				C6CFDB39293F55ED0017014E /* Sources */,
				C6CFDB3A293F55ED0017014E /* Frameworks */,
				C6CFDB3B293F55ED0017014E /* Resources */,
			);
			buildRules = (
			);
			dependencies = (
			);
			name = Pokedex;
			productName = Pokedex;
			productReference = C6CFDB3D293F55ED0017014E /* Pokedex.app */;
			productType = "com.apple.product-type.application";
		};
/* End PBXNativeTarget section */

/* Begin PBXProject section */
		C6CFDB35293F55EC0017014E /* Project object */ = {
			isa = PBXProject;
			attributes = {
				BuildIndependentTargetsInParallel = 1;
				LastSwiftUpdateCheck = 1410;
				LastUpgradeCheck = 1410;
				TargetAttributes = {
					C6CFDB3C293F55ED0017014E = {
						CreatedOnToolsVersion = 14.1;
					};
				};
			};
			buildConfigurationList = C6CFDB38293F55EC0017014E /* Build configuration list for PBXProject "Pokedex" */;
			compatibilityVersion = "Xcode 14.0";
			developmentRegion = en;
			hasScannedForEncodings = 0;
			knownRegions = (
				en,
				Base,
			);
			mainGroup = C6CFDB34293F55EC0017014E;
			productRefGroup = C6CFDB3E293F55ED0017014E /* Products */;
			projectDirPath = "";
			projectRoot = "";
			targets = (
				C6CFDB3C293F55ED0017014E /* Pokedex */,
			);
		};
/* End PBXProject section */

/* Begin PBXResourcesBuildPhase section */
		C6CFDB3B293F55ED0017014E /* Resources */ = {
			isa = PBXResourcesBuildPhase;
			buildActionMask = 2147483647;
			files = (
				C6CFDB4D293F55ED0017014E /* LaunchScreen.storyboard in Resources */,
				C6CFDB4A293F55ED0017014E /* Assets.xcassets in Resources */,
				C6CFDB48293F55ED0017014E /* Main.storyboard in Resources */,
				C6CFDB5B293FA3C10017014E /* CeldaPokemonTableViewCell.xib in Resources */,
			);
			runOnlyForDeploymentPostprocessing = 0;
		};
/* End PBXResourcesBuildPhase section */

/* Begin PBXSourcesBuildPhase section */
		C6CFDB39293F55ED0017014E /* Sources */ = {
			isa = PBXSourcesBuildPhase;
			buildActionMask = 2147483647;
			files = (
				C6CFDB45293F55ED0017014E /* ListPokemonViewController.swift in Sources */,
				C6CFDB41293F55ED0017014E /* AppDelegate.swift in Sources */,
				C6CFDB57293F58B80017014E /* DatosPokemon.swift in Sources */,
				C6CFDB5A293FA3C10017014E /* CeldaPokemonTableViewCell.swift in Sources */,
				C6CFDB5D29408FF00017014E /* DetallePokemonViewController.swift in Sources */,
				C6CFDB43293F55ED0017014E /* SceneDelegate.swift in Sources */,
				C6CFDB55293F584A0017014E /* PokemonManager.swift in Sources */,
			);
			runOnlyForDeploymentPostprocessing = 0;
		};
/* End PBXSourcesBuildPhase section */

/* Begin PBXVariantGroup section */
		C6CFDB46293F55ED0017014E /* Main.storyboard */ = {
			isa = PBXVariantGroup;
			children = (
				C6CFDB47293F55ED0017014E /* Base */,
			);
			name = Main.storyboard;
			sourceTree = "<group>";
		};
		C6CFDB4B293F55ED0017014E /* LaunchScreen.storyboard */ = {
			isa = PBXVariantGroup;
			children = (
				C6CFDB4C293F55ED0017014E /* Base */,
			);
			name = LaunchScreen.storyboard;
			sourceTree = "<group>";
		};
/* End PBXVariantGroup section */

/* Begin XCBuildConfiguration section */
		C6CFDB4F293F55ED0017014E /* Debug */ = {
			isa = XCBuildConfiguration;
			buildSettings = {
				ALWAYS_SEARCH_USER_PATHS = NO;
				CLANG_ANALYZER_NONNULL = YES;
				CLANG_ANALYZER_NUMBER_OBJECT_CONVERSION = YES_AGGRESSIVE;
				CLANG_CXX_LANGUAGE_STANDARD = "gnu++20";
				CLANG_ENABLE_MODULES = YES;
				CLANG_ENABLE_OBJC_ARC = YES;
				CLANG_ENABLE_OBJC_WEAK = YES;
				CLANG_WARN_BLOCK_CAPTURE_AUTORELEASING = YES;
				CLANG_WARN_BOOL_CONVERSION = YES;
				CLANG_WARN_COMMA = YES;
				CLANG_WARN_CONSTANT_CONVERSION = YES;
				CLANG_WARN_DEPRECATED_OBJC_IMPLEMENTATIONS = YES;
				CLANG_WARN_DIRECT_OBJC_ISA_USAGE = YES_ERROR;
				CLANG_WARN_DOCUMENTATION_COMMENTS = YES;
				CLANG_WARN_EMPTY_BODY = YES;
				CLANG_WARN_ENUM_CONVERSION = YES;
				CLANG_WARN_INFINITE_RECURSION = YES;
				CLANG_WARN_INT_CONVERSION = YES;
				CLANG_WARN_NON_LITERAL_NULL_CONVERSION = YES;
				CLANG_WARN_OBJC_IMPLICIT_RETAIN_SELF = YES;
				CLANG_WARN_OBJC_LITERAL_CONVERSION = YES;
				CLANG_WARN_OBJC_ROOT_CLASS = YES_ERROR;
				CLANG_WARN_QUOTED_INCLUDE_IN_FRAMEWORK_HEADER = YES;
				CLANG_WARN_RANGE_LOOP_ANALYSIS = YES;
				CLANG_WARN_STRICT_PROTOTYPES = YES;
				CLANG_WARN_SUSPICIOUS_MOVE = YES;
				CLANG_WARN_UNGUARDED_AVAILABILITY = YES_AGGRESSIVE;
				CLANG_WARN_UNREACHABLE_CODE = YES;
				CLANG_WARN__DUPLICATE_METHOD_MATCH = YES;
				COPY_PHASE_STRIP = NO;
				DEBUG_INFORMATION_FORMAT = dwarf;
				ENABLE_STRICT_OBJC_MSGSEND = YES;
				ENABLE_TESTABILITY = YES;
				GCC_C_LANGUAGE_STANDARD = gnu11;
				GCC_DYNAMIC_NO_PIC = NO;
				GCC_NO_COMMON_BLOCKS = YES;
				GCC_OPTIMIZATION_LEVEL = 0;
				GCC_PREPROCESSOR_DEFINITIONS = (
					"DEBUG=1",
					"$(inherited)",
				);
				GCC_WARN_64_TO_32_BIT_CONVERSION = YES;
				GCC_WARN_ABOUT_RETURN_TYPE = YES_ERROR;
				GCC_WARN_UNDECLARED_SELECTOR = YES;
				GCC_WARN_UNINITIALIZED_AUTOS = YES_AGGRESSIVE;
				GCC_WARN_UNUSED_FUNCTION = YES;
				GCC_WARN_UNUSED_VARIABLE = YES;
				IPHONEOS_DEPLOYMENT_TARGET = 16.1;
				MTL_ENABLE_DEBUG_INFO = INCLUDE_SOURCE;
				MTL_FAST_MATH = YES;
				ONLY_ACTIVE_ARCH = YES;
				SDKROOT = iphoneos;
				SWIFT_ACTIVE_COMPILATION_CONDITIONS = DEBUG;
				SWIFT_OPTIMIZATION_LEVEL = "-Onone";
			};
			name = Debug;
		};
		C6CFDB50293F55ED0017014E /* Release */ = {
			isa = XCBuildConfiguration;
			buildSettings = {
				ALWAYS_SEARCH_USER_PATHS = NO;
				CLANG_ANALYZER_NONNULL = YES;
				CLANG_ANALYZER_NUMBER_OBJECT_CONVERSION = YES_AGGRESSIVE;
				CLANG_CXX_LANGUAGE_STANDARD = "gnu++20";
				CLANG_ENABLE_MODULES = YES;
				CLANG_ENABLE_OBJC_ARC = YES;
				CLANG_ENABLE_OBJC_WEAK = YES;
				CLANG_WARN_BLOCK_CAPTURE_AUTORELEASING = YES;
				CLANG_WARN_BOOL_CONVERSION = YES;
				CLANG_WARN_COMMA = YES;
				CLANG_WARN_CONSTANT_CONVERSION = YES;
				CLANG_WARN_DEPRECATED_OBJC_IMPLEMENTATIONS = YES;
				CLANG_WARN_DIRECT_OBJC_ISA_USAGE = YES_ERROR;
				CLANG_WARN_DOCUMENTATION_COMMENTS = YES;
				CLANG_WARN_EMPTY_BODY = YES;
				CLANG_WARN_ENUM_CONVERSION = YES;
				CLANG_WARN_INFINITE_RECURSION = YES;
				CLANG_WARN_INT_CONVERSION = YES;
				CLANG_WARN_NON_LITERAL_NULL_CONVERSION = YES;
				CLANG_WARN_OBJC_IMPLICIT_RETAIN_SELF = YES;
				CLANG_WARN_OBJC_LITERAL_CONVERSION = YES;
				CLANG_WARN_OBJC_ROOT_CLASS = YES_ERROR;
				CLANG_WARN_QUOTED_INCLUDE_IN_FRAMEWORK_HEADER = YES;
				CLANG_WARN_RANGE_LOOP_ANALYSIS = YES;
				CLANG_WARN_STRICT_PROTOTYPES = YES;
				CLANG_WARN_SUSPICIOUS_MOVE = YES;
				CLANG_WARN_UNGUARDED_AVAILABILITY = YES_AGGRESSIVE;
				CLANG_WARN_UNREACHABLE_CODE = YES;
				CLANG_WARN__DUPLICATE_METHOD_MATCH = YES;
				COPY_PHASE_STRIP = NO;
				DEBUG_INFORMATION_FORMAT = "dwarf-with-dsym";
				ENABLE_NS_ASSERTIONS = NO;
				ENABLE_STRICT_OBJC_MSGSEND = YES;
				GCC_C_LANGUAGE_STANDARD = gnu11;
				GCC_NO_COMMON_BLOCKS = YES;
				GCC_WARN_64_TO_32_BIT_CONVERSION = YES;
				GCC_WARN_ABOUT_RETURN_TYPE = YES_ERROR;
				GCC_WARN_UNDECLARED_SELECTOR = YES;
				GCC_WARN_UNINITIALIZED_AUTOS = YES_AGGRESSIVE;
				GCC_WARN_UNUSED_FUNCTION = YES;
				GCC_WARN_UNUSED_VARIABLE = YES;
				IPHONEOS_DEPLOYMENT_TARGET = 16.1;
				MTL_ENABLE_DEBUG_INFO = NO;
				MTL_FAST_MATH = YES;
				SDKROOT = iphoneos;
				SWIFT_COMPILATION_MODE = wholemodule;
				SWIFT_OPTIMIZATION_LEVEL = "-O";
				VALIDATE_PRODUCT = YES;
			};
			name = Release;
		};
		C6CFDB52293F55ED0017014E /* Debug */ = {
			isa = XCBuildConfiguration;
			buildSettings = {
				ASSETCATALOG_COMPILER_APPICON_NAME = AppIcon;
				ASSETCATALOG_COMPILER_GLOBAL_ACCENT_COLOR_NAME = AccentColor;
				CODE_SIGN_STYLE = Automatic;
				CURRENT_PROJECT_VERSION = 1;
				GENERATE_INFOPLIST_FILE = YES;
				INFOPLIST_FILE = Pokedex/Info.plist;
				INFOPLIST_KEY_UIApplicationSupportsIndirectInputEvents = YES;
				INFOPLIST_KEY_UILaunchStoryboardName = LaunchScreen;
				INFOPLIST_KEY_UIMainStoryboardFile = Main;
				INFOPLIST_KEY_UISupportedInterfaceOrientations_iPad = "UIInterfaceOrientationPortrait UIInterfaceOrientationPortraitUpsideDown UIInterfaceOrientationLandscapeLeft UIInterfaceOrientationLandscapeRight";
				INFOPLIST_KEY_UISupportedInterfaceOrientations_iPhone = "UIInterfaceOrientationPortrait UIInterfaceOrientationLandscapeLeft UIInterfaceOrientationLandscapeRight";
				LD_RUNPATH_SEARCH_PATHS = (
					"$(inherited)",
					"@executable_path/Frameworks",
				);
				MARKETING_VERSION = 1.0;
				PRODUCT_BUNDLE_IDENTIFIER = com.elduverx.Pokedex;
				PRODUCT_NAME = "$(TARGET_NAME)";
				SWIFT_EMIT_LOC_STRINGS = YES;
				SWIFT_VERSION = 5.0;
				TARGETED_DEVICE_FAMILY = "1,2";
			};
			name = Debug;
		};
		C6CFDB53293F55ED0017014E /* Release */ = {
			isa = XCBuildConfiguration;
			buildSettings = {
				ASSETCATALOG_COMPILER_APPICON_NAME = AppIcon;
				ASSETCATALOG_COMPILER_GLOBAL_ACCENT_COLOR_NAME = AccentColor;
				CODE_SIGN_STYLE = Automatic;
				CURRENT_PROJECT_VERSION = 1;
				GENERATE_INFOPLIST_FILE = YES;
				INFOPLIST_FILE = Pokedex/Info.plist;
				INFOPLIST_KEY_UIApplicationSupportsIndirectInputEvents = YES;
				INFOPLIST_KEY_UILaunchStoryboardName = LaunchScreen;
				INFOPLIST_KEY_UIMainStoryboardFile = Main;
				INFOPLIST_KEY_UISupportedInterfaceOrientations_iPad = "UIInterfaceOrientationPortrait UIInterfaceOrientationPortraitUpsideDown UIInterfaceOrientationLandscapeLeft UIInterfaceOrientationLandscapeRight";
				INFOPLIST_KEY_UISupportedInterfaceOrientations_iPhone = "UIInterfaceOrientationPortrait UIInterfaceOrientationLandscapeLeft UIInterfaceOrientationLandscapeRight";
				LD_RUNPATH_SEARCH_PATHS = (
					"$(inherited)",
					"@executable_path/Frameworks",
				);
				MARKETING_VERSION = 1.0;
				PRODUCT_BUNDLE_IDENTIFIER = com.elduverx.Pokedex;
				PRODUCT_NAME = "$(TARGET_NAME)";
				SWIFT_EMIT_LOC_STRINGS = YES;
				SWIFT_VERSION = 5.0;
				TARGETED_DEVICE_FAMILY = "1,2";
			};
			name = Release;
		};
/* End XCBuildConfiguration section */

/* Begin XCConfigurationList section */
		C6CFDB38293F55EC0017014E /* Build configuration list for PBXProject "Pokedex" */ = {
			isa = XCConfigurationList;
			buildConfigurations = (
				C6CFDB4F293F55ED0017014E /* Debug */,
				C6CFDB50293F55ED0017014E /* Release */,
			);
			defaultConfigurationIsVisible = 0;
			defaultConfigurationName = Release;
		};
		C6CFDB51293F55ED0017014E /* Build configuration list for PBXNativeTarget "Pokedex" */ = {
			isa = XCConfigurationList;
			buildConfigurations = (
				C6CFDB52293F55ED0017014E /* Debug */,
				C6CFDB53293F55ED0017014E /* Release */,
			);
			defaultConfigurationIsVisible = 0;
			defaultConfigurationName = Release;
		};
/* End XCConfigurationList section */
	};
	rootObject = C6CFDB35293F55EC0017014E /* Project object */;
}
